
Microsoft Visual Studio Solution File, Format Version 12.00
# Visual Studio Version 17
VisualStudioVersion = 17.0.31903.59
MinimumVisualStudioVersion = 10.0.40219.1
Project("{FAE04EC0-301F-11D3-BF4B-00C04F79EFBC}") = "Automotores", "Automotores\Automotores.csproj", "{7E1D15D6-6D64-4789-908C-701AD28F25CC}"
EndProject
Project("{FAE04EC0-301F-11D3-BF4B-00C04F79EFBC}") = "ConsolaUI", "ConsolaUI\ConsolaUI.csproj", "{EC629C9A-21A9-4AF7-9289-F88AB7190AB3}"
EndProject
Global
	GlobalSection(SolutionConfigurationPlatforms) = preSolution
		Debug|Any CPU = Debug|Any CPU
		Release|Any CPU = Release|Any CPU
	EndGlobalSection
	GlobalSection(SolutionProperties) = preSolution
		HideSolutionNode = FALSE
	EndGlobalSection
	GlobalSection(ProjectConfigurationPlatforms) = postSolution
		{7E1D15D6-6D64-4789-908C-701AD28F25CC}.Debug|Any CPU.ActiveCfg = Debug|Any CPU
		{7E1D15D6-6D64-4789-908C-701AD28F25CC}.Debug|Any CPU.Build.0 = Debug|Any CPU
		{7E1D15D6-6D64-4789-908C-701AD28F25CC}.Release|Any CPU.ActiveCfg = Release|Any CPU
		{7E1D15D6-6D64-4789-908C-701AD28F25CC}.Release|Any CPU.Build.0 = Release|Any CPU
		{EC629C9A-21A9-4AF7-9289-F88AB7190AB3}.Debug|Any CPU.ActiveCfg = Debug|Any CPU
		{EC629C9A-21A9-4AF7-9289-F88AB7190AB3}.Debug|Any CPU.Build.0 = Debug|Any CPU
		{EC629C9A-21A9-4AF7-9289-F88AB7190AB3}.Release|Any CPU.ActiveCfg = Release|Any CPU
		{EC629C9A-21A9-4AF7-9289-F88AB7190AB3}.Release|Any CPU.Build.0 = Release|Any CPU
	EndGlobalSection
EndGlobal
